PODS:
  - Bolts/Tasks (1.7.0)
  - BTNavigationDropdownMenu (0.2.1)
  - ChameleonFramework (2.1.0):
    - ChameleonFramework/Default (= 2.1.0)
  - ChameleonFramework/Default (2.1.0)
  - FXBlurView (1.6.4)
  - HanabiCollectionViewLayout (1.1)
  - ImagePickerSheetController (0.9.1)
  - IQKeyboardManagerSwift (4.0.1)
  - JSQMessagesViewController (7.2.0):
    - JSQSystemSoundPlayer (~> 2.0.1)
  - JSQSystemSoundPlayer (2.0.1)
  - Kingfisher (1.9.3)
  - Material (1.28.1)
  - Parse (1.12.0):
    - Bolts/Tasks (~> 1.5)
  - SwiftEventBus (1.1.0)
  - SwiftLocation (0.2.0)
  - SwiftSpinner (0.9.5)

DEPENDENCIES:
  - BTNavigationDropdownMenu
  - ChameleonFramework (~> 2.1.0)
  - FXBlurView (~> 1.6.4)
  - HanabiCollectionViewLayout (from `https://github.com/kshin/Hanabi`)
  - ImagePickerSheetController (~> 0.9.1)
  - IQKeyboardManagerSwift
  - JSQMessagesViewController
  - Kingfisher (~> 1.8)
  - Material (~> 1.28.1)
  - Parse (~> 1.12.0)
  - SwiftEventBus (from `https://github.com/cesarferreira/SwiftEventBus.git`)
  - SwiftLocation
  - SwiftSpinner

EXTERNAL SOURCES:
  HanabiCollectionViewLayout:
    :git: https://github.com/kshin/Hanabi
  SwiftEventBus:
    :git: https://github.com/cesarferreira/SwiftEventBus.git

CHECKOUT OPTIONS:
  HanabiCollectionViewLayout:
    :commit: 734dbd0740105672b9beaca795953a3e7d7d04e2
    :git: https://github.com/kshin/Hanabi
  SwiftEventBus:
    :commit: 4b8cbb5a8227b3c29af75e0416689d26178733d8
    :git: https://github.com/cesarferreira/SwiftEventBus.git

SPEC CHECKSUMS:
  Bolts: a0058fa3b331c5a1e4402d534f2dae36dbff31e4
  BTNavigationDropdownMenu: 9cf4060162c96510ee27c388412e28678320cdc0
  ChameleonFramework: d21a3cc247abfe5e37609a283a8238b03575cf64
  FXBlurView: db786c2561cb49a09ae98407f52460096ab8a44f
  HanabiCollectionViewLayout: 4d76d29aee34e54c1eecac79b87c4b6645c14d8f
  ImagePickerSheetController: 3c58c9fee6dcf36485222358a021f6b734f997ba
  IQKeyboardManagerSwift: e92246955e21dad73ad9dc89b80adb134d8bb395
  JSQMessagesViewController: 73cab48aa92fc2d512f3b6724f3425cc47a19eb5
  JSQSystemSoundPlayer: c5850e77a4363ffd374cd851154b9af93264ed8d
  Kingfisher: 9e37d2a78a082dc123bfe8a16de65de85518daae
  Material: 5ca840624a279ce4d02c4e1ef3059d1c0190b7f3
  Parse: de2c52a9a1421b91ae7594ab8ce191afd184f19b
  SwiftEventBus: d334f7aecbddbd995c3de5c262cf35c72db550f3
  SwiftLocation: ea78ae4a822581bde7379d98c8513273723c8840
  SwiftSpinner: c6585a0ae5c67eb33e737695cce88f0262008cce

COCOAPODS: 0.39.0
