// !$*UTF8*$!
{
	archiveVersion = 1;
	classes = {
	};
	objectVersion = 46;
	objects = {

/* Begin PBXBuildFile section */
		019D49135F4C0738F2BB7771 /* Pods.framework in Frameworks */ = {isa = PBXBuildFile; fileRef = 1DC915FA9ED8DB7FC9CA4A04 /* Pods.framework */; };
		4D1EF5B31C70F4B300B80735 /* ReviewCell.swift in Sources */ = {isa = PBXBuildFile; fileRef = 4D1EF5B21C70F4B300B80735 /* ReviewCell.swift */; };
		4D7422831C586DE800453818 /* FoodViewController.swift in Sources */ = {isa = PBXBuildFile; fileRef = 4D7422821C586DE800453818 /* FoodViewController.swift */; };
		4D7422851C586E4C00453818 /* FoodCell.swift in Sources */ = {isa = PBXBuildFile; fileRef = 4D7422841C586E4C00453818 /* FoodCell.swift */; };
		4D7422871C58A78E00453818 /* sellerCell.swift in Sources */ = {isa = PBXBuildFile; fileRef = 4D7422861C58A78E00453818 /* sellerCell.swift */; };
		4D7422891C58A7A300453818 /* SellerViewController.swift in Sources */ = {isa = PBXBuildFile; fileRef = 4D7422881C58A7A300453818 /* SellerViewController.swift */; };
		4DD94FEB1C57FFFF0029C3DC /* MenuCell.swift in Sources */ = {isa = PBXBuildFile; fileRef = 4DD94FEA1C57FFFF0029C3DC /* MenuCell.swift */; };
		4DF09ADB1C6D6C500007B1C5 /* Menu.swift in Sources */ = {isa = PBXBuildFile; fileRef = 4DF09ADA1C6D6C500007B1C5 /* Menu.swift */; };
		4DF9CB4B1C57FA2400922A63 /* AppDelegate.swift in Sources */ = {isa = PBXBuildFile; fileRef = 4DF9CB4A1C57FA2400922A63 /* AppDelegate.swift */; };
		4DF9CB4D1C57FA2400922A63 /* ViewController.swift in Sources */ = {isa = PBXBuildFile; fileRef = 4DF9CB4C1C57FA2400922A63 /* ViewController.swift */; };
		4DF9CB501C57FA2400922A63 /* Main.storyboard in Resources */ = {isa = PBXBuildFile; fileRef = 4DF9CB4E1C57FA2400922A63 /* Main.storyboard */; };
		4DF9CB521C57FA2400922A63 /* Assets.xcassets in Resources */ = {isa = PBXBuildFile; fileRef = 4DF9CB511C57FA2400922A63 /* Assets.xcassets */; };
		4DF9CB551C57FA2400922A63 /* LaunchScreen.storyboard in Resources */ = {isa = PBXBuildFile; fileRef = 4DF9CB531C57FA2400922A63 /* LaunchScreen.storyboard */; };
		4DF9CB601C57FA2500922A63 /* Real_FoodTests.swift in Sources */ = {isa = PBXBuildFile; fileRef = 4DF9CB5F1C57FA2500922A63 /* Real_FoodTests.swift */; };
		4DF9CB6B1C57FA2500922A63 /* Real_FoodUITests.swift in Sources */ = {isa = PBXBuildFile; fileRef = 4DF9CB6A1C57FA2500922A63 /* Real_FoodUITests.swift */; };
/* End PBXBuildFile section */

/* Begin PBXContainerItemProxy section */
		4DF9CB5C1C57FA2500922A63 /* PBXContainerItemProxy */ = {
			isa = PBXContainerItemProxy;
			containerPortal = 4DF9CB3F1C57FA2400922A63 /* Project object */;
			proxyType = 1;
			remoteGlobalIDString = 4DF9CB461C57FA2400922A63;
			remoteInfo = "Real Food";
		};
		4DF9CB671C57FA2500922A63 /* PBXContainerItemProxy */ = {
			isa = PBXContainerItemProxy;
			containerPortal = 4DF9CB3F1C57FA2400922A63 /* Project object */;
			proxyType = 1;
			remoteGlobalIDString = 4DF9CB461C57FA2400922A63;
			remoteInfo = "Real Food";
		};
/* End PBXContainerItemProxy section */

/* Begin PBXFileReference section */
		1DC915FA9ED8DB7FC9CA4A04 /* Pods.framework */ = {isa = PBXFileReference; explicitFileType = wrapper.framework; includeInIndex = 0; path = Pods.framework; sourceTree = BUILT_PRODUCTS_DIR; };
		4D1EF5B21C70F4B300B80735 /* ReviewCell.swift */ = {isa = PBXFileReference; fileEncoding = 4; lastKnownFileType = sourcecode.swift; path = ReviewCell.swift; sourceTree = "<group>"; };
		4D7422821C586DE800453818 /* FoodViewController.swift */ = {isa = PBXFileReference; fileEncoding = 4; lastKnownFileType = sourcecode.swift; path = FoodViewController.swift; sourceTree = "<group>"; };
		4D7422841C586E4C00453818 /* FoodCell.swift */ = {isa = PBXFileReference; fileEncoding = 4; lastKnownFileType = sourcecode.swift; path = FoodCell.swift; sourceTree = "<group>"; };
		4D7422861C58A78E00453818 /* sellerCell.swift */ = {isa = PBXFileReference; fileEncoding = 4; lastKnownFileType = sourcecode.swift; path = sellerCell.swift; sourceTree = "<group>"; };
		4D7422881C58A7A300453818 /* SellerViewController.swift */ = {isa = PBXFileReference; fileEncoding = 4; lastKnownFileType = sourcecode.swift; path = SellerViewController.swift; sourceTree = "<group>"; };
		4DD94FEA1C57FFFF0029C3DC /* MenuCell.swift */ = {isa = PBXFileReference; fileEncoding = 4; lastKnownFileType = sourcecode.swift; path = MenuCell.swift; sourceTree = "<group>"; };
		4DF09ADA1C6D6C500007B1C5 /* Menu.swift */ = {isa = PBXFileReference; fileEncoding = 4; lastKnownFileType = sourcecode.swift; path = Menu.swift; sourceTree = "<group>"; };
		4DF9CB471C57FA2400922A63 /* Real Food.app */ = {isa = PBXFileReference; explicitFileType = wrapper.application; includeInIndex = 0; path = "Real Food.app"; sourceTree = BUILT_PRODUCTS_DIR; };
		4DF9CB4A1C57FA2400922A63 /* AppDelegate.swift */ = {isa = PBXFileReference; lastKnownFileType = sourcecode.swift; path = AppDelegate.swift; sourceTree = "<group>"; };
		4DF9CB4C1C57FA2400922A63 /* ViewController.swift */ = {isa = PBXFileReference; lastKnownFileType = sourcecode.swift; path = ViewController.swift; sourceTree = "<group>"; };
		4DF9CB4F1C57FA2400922A63 /* Base */ = {isa = PBXFileReference; lastKnownFileType = file.storyboard; name = Base; path = Base.lproj/Main.storyboard; sourceTree = "<group>"; };
		4DF9CB511C57FA2400922A63 /* Assets.xcassets */ = {isa = PBXFileReference; lastKnownFileType = folder.assetcatalog; path = Assets.xcassets; sourceTree = "<group>"; };
		4DF9CB541C57FA2400922A63 /* Base */ = {isa = PBXFileReference; lastKnownFileType = file.storyboard; name = Base; path = Base.lproj/LaunchScreen.storyboard; sourceTree = "<group>"; };
		4DF9CB561C57FA2400922A63 /* Info.plist */ = {isa = PBXFileReference; lastKnownFileType = text.plist.xml; path = Info.plist; sourceTree = "<group>"; };
		4DF9CB5B1C57FA2500922A63 /* Real FoodTests.xctest */ = {isa = PBXFileReference; explicitFileType = wrapper.cfbundle; includeInIndex = 0; path = "Real FoodTests.xctest"; sourceTree = BUILT_PRODUCTS_DIR; };
		4DF9CB5F1C57FA2500922A63 /* Real_FoodTests.swift */ = {isa = PBXFileReference; lastKnownFileType = sourcecode.swift; path = Real_FoodTests.swift; sourceTree = "<group>"; };
		4DF9CB611C57FA2500922A63 /* Info.plist */ = {isa = PBXFileReference; lastKnownFileType = text.plist.xml; path = Info.plist; sourceTree = "<group>"; };
		4DF9CB661C57FA2500922A63 /* Real FoodUITests.xctest */ = {isa = PBXFileReference; explicitFileType = wrapper.cfbundle; includeInIndex = 0; path = "Real FoodUITests.xctest"; sourceTree = BUILT_PRODUCTS_DIR; };
		4DF9CB6A1C57FA2500922A63 /* Real_FoodUITests.swift */ = {isa = PBXFileReference; lastKnownFileType = sourcecode.swift; path = Real_FoodUITests.swift; sourceTree = "<group>"; };
		4DF9CB6C1C57FA2500922A63 /* Info.plist */ = {isa = PBXFileReference; lastKnownFileType = text.plist.xml; path = Info.plist; sourceTree = "<group>"; };
		B9D3CAFB8B9B0738495A3C37 /* Pods.release.xcconfig */ = {isa = PBXFileReference; includeInIndex = 1; lastKnownFileType = text.xcconfig; name = Pods.release.xcconfig; path = "Pods/Target Support Files/Pods/Pods.release.xcconfig"; sourceTree = "<group>"; };
		F416C027112B7AD4320FD1D0 /* Pods.debug.xcconfig */ = {isa = PBXFileReference; includeInIndex = 1; lastKnownFileType = text.xcconfig; name = Pods.debug.xcconfig; path = "Pods/Target Support Files/Pods/Pods.debug.xcconfig"; sourceTree = "<group>"; };
/* End PBXFileReference section */

/* Begin PBXFrameworksBuildPhase section */
		4DF9CB441C57FA2400922A63 /* Frameworks */ = {
			isa = PBXFrameworksBuildPhase;
			buildActionMask = 2147483647;
			files = (
				019D49135F4C0738F2BB7771 /* Pods.framework in Frameworks */,
			);
			runOnlyForDeploymentPostprocessing = 0;
		};
		4DF9CB581C57FA2500922A63 /* Frameworks */ = {
			isa = PBXFrameworksBuildPhase;
			buildActionMask = 2147483647;
			files = (
			);
			runOnlyForDeploymentPostprocessing = 0;
		};
		4DF9CB631C57FA2500922A63 /* Frameworks */ = {
			isa = PBXFrameworksBuildPhase;
			buildActionMask = 2147483647;
			files = (
			);
			runOnlyForDeploymentPostprocessing = 0;
		};
/* End PBXFrameworksBuildPhase section */

/* Begin PBXGroup section */
		163311F68754EA01424F7543 /* Pods */ = {
			isa = PBXGroup;
			children = (
				F416C027112B7AD4320FD1D0 /* Pods.debug.xcconfig */,
				B9D3CAFB8B9B0738495A3C37 /* Pods.release.xcconfig */,
			);
			name = Pods;
			sourceTree = "<group>";
		};
		4DD94FE91C57FFE10029C3DC /* Cells */ = {
			isa = PBXGroup;
			children = (
				4DD94FEA1C57FFFF0029C3DC /* MenuCell.swift */,
				4D7422841C586E4C00453818 /* FoodCell.swift */,
				4D7422861C58A78E00453818 /* sellerCell.swift */,
				4D1EF5B21C70F4B300B80735 /* ReviewCell.swift */,
			);
			path = Cells;
			sourceTree = "<group>";
		};
		4DD94FED1C5800270029C3DC /* Viewcontrollers */ = {
			isa = PBXGroup;
			children = (
				4DF9CB4C1C57FA2400922A63 /* ViewController.swift */,
				4D7422821C586DE800453818 /* FoodViewController.swift */,
				4D7422881C58A7A300453818 /* SellerViewController.swift */,
			);
			path = Viewcontrollers;
			sourceTree = "<group>";
		};
		4DF09AD91C6D6C340007B1C5 /* Custome */ = {
			isa = PBXGroup;
			children = (
				4DF09ADA1C6D6C500007B1C5 /* Menu.swift */,
			);
			name = Custome;
			sourceTree = "<group>";
		};
		4DF9CB3E1C57FA2400922A63 = {
			isa = PBXGroup;
			children = (
				4DF9CB491C57FA2400922A63 /* Real Food */,
				4DF9CB5E1C57FA2500922A63 /* Real FoodTests */,
				4DF9CB691C57FA2500922A63 /* Real FoodUITests */,
				4DF9CB481C57FA2400922A63 /* Products */,
				163311F68754EA01424F7543 /* Pods */,
				52C8576D65E703B3E2E7D90F /* Frameworks */,
			);
			sourceTree = "<group>";
		};
		4DF9CB481C57FA2400922A63 /* Products */ = {
			isa = PBXGroup;
			children = (
				4DF9CB471C57FA2400922A63 /* Real Food.app */,
				4DF9CB5B1C57FA2500922A63 /* Real FoodTests.xctest */,
				4DF9CB661C57FA2500922A63 /* Real FoodUITests.xctest */,
			);
			name = Products;
			sourceTree = "<group>";
		};
		4DF9CB491C57FA2400922A63 /* Real Food */ = {
			isa = PBXGroup;
			children = (
				4DF09AD91C6D6C340007B1C5 /* Custome */,
				4DD94FE91C57FFE10029C3DC /* Cells */,
				4DF9CB4A1C57FA2400922A63 /* AppDelegate.swift */,
				4DD94FED1C5800270029C3DC /* Viewcontrollers */,
				4DF9CB4E1C57FA2400922A63 /* Main.storyboard */,
				4DF9CB511C57FA2400922A63 /* Assets.xcassets */,
				4DF9CB531C57FA2400922A63 /* LaunchScreen.storyboard */,
				4DF9CB561C57FA2400922A63 /* Info.plist */,
			);
			path = "Real Food";
			sourceTree = "<group>";
		};
		4DF9CB5E1C57FA2500922A63 /* Real FoodTests */ = {
			isa = PBXGroup;
			children = (
				4DF9CB5F1C57FA2500922A63 /* Real_FoodTests.swift */,
				4DF9CB611C57FA2500922A63 /* Info.plist */,
			);
			path = "Real FoodTests";
			sourceTree = "<group>";
		};
		4DF9CB691C57FA2500922A63 /* Real FoodUITests */ = {
			isa = PBXGroup;
			children = (
				4DF9CB6A1C57FA2500922A63 /* Real_FoodUITests.swift */,
				4DF9CB6C1C57FA2500922A63 /* Info.plist */,
			);
			path = "Real FoodUITests";
			sourceTree = "<group>";
		};
		52C8576D65E703B3E2E7D90F /* Frameworks */ = {
			isa = PBXGroup;
			children = (
				1DC915FA9ED8DB7FC9CA4A04 /* Pods.framework */,
			);
			name = Frameworks;
			sourceTree = "<group>";
		};
/* End PBXGroup section */

/* Begin PBXNativeTarget section */
		4DF9CB461C57FA2400922A63 /* Real Food */ = {
			isa = PBXNativeTarget;
			buildConfigurationList = 4DF9CB6F1C57FA2500922A63 /* Build configuration list for PBXNativeTarget "Real Food" */;
			buildPhases = (
				2EECABCF90F980852886BE95 /* Check Pods Manifest.lock */,
				4DF9CB431C57FA2400922A63 /* Sources */,
				4DF9CB441C57FA2400922A63 /* Frameworks */,
				4DF9CB451C57FA2400922A63 /* Resources */,
				4E8A1BDE474D73FD0F05D592 /* Embed Pods Frameworks */,
				3C83E93374C24B0611650680 /* Copy Pods Resources */,
			);
			buildRules = (
			);
			dependencies = (
			);
			name = "Real Food";
			productName = "Real Food";
			productReference = 4DF9CB471C57FA2400922A63 /* Real Food.app */;
			productType = "com.apple.product-type.application";
		};
		4DF9CB5A1C57FA2500922A63 /* Real FoodTests */ = {
			isa = PBXNativeTarget;
			buildConfigurationList = 4DF9CB721C57FA2500922A63 /* Build configuration list for PBXNativeTarget "Real FoodTests" */;
			buildPhases = (
				4DF9CB571C57FA2500922A63 /* Sources */,
				4DF9CB581C57FA2500922A63 /* Frameworks */,
				4DF9CB591C57FA2500922A63 /* Resources */,
			);
			buildRules = (
			);
			dependencies = (
				4DF9CB5D1C57FA2500922A63 /* PBXTargetDependency */,
			);
			name = "Real FoodTests";
			productName = "Real FoodTests";
			productReference = 4DF9CB5B1C57FA2500922A63 /* Real FoodTests.xctest */;
			productType = "com.apple.product-type.bundle.unit-test";
		};
		4DF9CB651C57FA2500922A63 /* Real FoodUITests */ = {
			isa = PBXNativeTarget;
			buildConfigurationList = 4DF9CB751C57FA2500922A63 /* Build configuration list for PBXNativeTarget "Real FoodUITests" */;
			buildPhases = (
				4DF9CB621C57FA2500922A63 /* Sources */,
				4DF9CB631C57FA2500922A63 /* Frameworks */,
				4DF9CB641C57FA2500922A63 /* Resources */,
			);
			buildRules = (
			);
			dependencies = (
				4DF9CB681C57FA2500922A63 /* PBXTargetDependency */,
			);
			name = "Real FoodUITests";
			productName = "Real FoodUITests";
			productReference = 4DF9CB661C57FA2500922A63 /* Real FoodUITests.xctest */;
			productType = "com.apple.product-type.bundle.ui-testing";
		};
/* End PBXNativeTarget section */

/* Begin PBXProject section */
		4DF9CB3F1C57FA2400922A63 /* Project object */ = {
			isa = PBXProject;
			attributes = {
				LastSwiftUpdateCheck = 0720;
				LastUpgradeCheck = 0720;
				ORGANIZATIONNAME = "Jonathan Green";
				TargetAttributes = {
					4DF9CB461C57FA2400922A63 = {
						CreatedOnToolsVersion = 7.2;
					};
					4DF9CB5A1C57FA2500922A63 = {
						CreatedOnToolsVersion = 7.2;
						TestTargetID = 4DF9CB461C57FA2400922A63;
					};
					4DF9CB651C57FA2500922A63 = {
						CreatedOnToolsVersion = 7.2;
						TestTargetID = 4DF9CB461C57FA2400922A63;
					};
				};
			};
			buildConfigurationList = 4DF9CB421C57FA2400922A63 /* Build configuration list for PBXProject "Real Food" */;
			compatibilityVersion = "Xcode 3.2";
			developmentRegion = English;
			hasScannedForEncodings = 0;
			knownRegions = (
				en,
				Base,
			);
			mainGroup = 4DF9CB3E1C57FA2400922A63;
			productRefGroup = 4DF9CB481C57FA2400922A63 /* Products */;
			projectDirPath = "";
			projectRoot = "";
			targets = (
				4DF9CB461C57FA2400922A63 /* Real Food */,
				4DF9CB5A1C57FA2500922A63 /* Real FoodTests */,
				4DF9CB651C57FA2500922A63 /* Real FoodUITests */,
			);
		};
/* End PBXProject section */

/* Begin PBXResourcesBuildPhase section */
		4DF9CB451C57FA2400922A63 /* Resources */ = {
			isa = PBXResourcesBuildPhase;
			buildActionMask = 2147483647;
			files = (
				4DF9CB551C57FA2400922A63 /* LaunchScreen.storyboard in Resources */,
				4DF9CB521C57FA2400922A63 /* Assets.xcassets in Resources */,
				4DF9CB501C57FA2400922A63 /* Main.storyboard in Resources */,
			);
			runOnlyForDeploymentPostprocessing = 0;
		};
		4DF9CB591C57FA2500922A63 /* Resources */ = {
			isa = PBXResourcesBuildPhase;
			buildActionMask = 2147483647;
			files = (
			);
			runOnlyForDeploymentPostprocessing = 0;
		};
		4DF9CB641C57FA2500922A63 /* Resources */ = {
			isa = PBXResourcesBuildPhase;
			buildActionMask = 2147483647;
			files = (
			);
			runOnlyForDeploymentPostprocessing = 0;
		};
/* End PBXResourcesBuildPhase section */

/* Begin PBXShellScriptBuildPhase section */
		2EECABCF90F980852886BE95 /* Check Pods Manifest.lock */ = {
			isa = PBXShellScriptBuildPhase;
			buildActionMask = 2147483647;
			files = (
			);
			inputPaths = (
			);
			name = "Check Pods Manifest.lock";
			outputPaths = (
			);
			runOnlyForDeploymentPostprocessing = 0;
			shellPath = /bin/sh;
			shellScript = "diff \"${PODS_ROOT}/../Podfile.lock\" \"${PODS_ROOT}/Manifest.lock\" > /dev/null\nif [[ $? != 0 ]] ; then\n    cat << EOM\nerror: The sandbox is not in sync with the Podfile.lock. Run 'pod install' or update your CocoaPods installation.\nEOM\n    exit 1\nfi\n";
			showEnvVarsInLog = 0;
		};
		3C83E93374C24B0611650680 /* Copy Pods Resources */ = {
			isa = PBXShellScriptBuildPhase;
			buildActionMask = 2147483647;
			files = (
			);
			inputPaths = (
			);
			name = "Copy Pods Resources";
			outputPaths = (
			);
			runOnlyForDeploymentPostprocessing = 0;
			shellPath = /bin/sh;
			shellScript = "\"${SRCROOT}/Pods/Target Support Files/Pods/Pods-resources.sh\"\n";
			showEnvVarsInLog = 0;
		};
		4E8A1BDE474D73FD0F05D592 /* Embed Pods Frameworks */ = {
			isa = PBXShellScriptBuildPhase;
			buildActionMask = 2147483647;
			files = (
			);
			inputPaths = (
			);
			name = "Embed Pods Frameworks";
			outputPaths = (
			);
			runOnlyForDeploymentPostprocessing = 0;
			shellPath = /bin/sh;
			shellScript = "\"${SRCROOT}/Pods/Target Support Files/Pods/Pods-frameworks.sh\"\n";
			showEnvVarsInLog = 0;
		};
/* End PBXShellScriptBuildPhase section */

/* Begin PBXSourcesBuildPhase section */
		4DF9CB431C57FA2400922A63 /* Sources */ = {
			isa = PBXSourcesBuildPhase;
			buildActionMask = 2147483647;
			files = (
				4DF9CB4D1C57FA2400922A63 /* ViewController.swift in Sources */,
				4DF9CB4B1C57FA2400922A63 /* AppDelegate.swift in Sources */,
				4DF09ADB1C6D6C500007B1C5 /* Menu.swift in Sources */,
				4D7422871C58A78E00453818 /* sellerCell.swift in Sources */,
				4D1EF5B31C70F4B300B80735 /* ReviewCell.swift in Sources */,
				4D7422851C586E4C00453818 /* FoodCell.swift in Sources */,
				4D7422831C586DE800453818 /* FoodViewController.swift in Sources */,
				4DD94FEB1C57FFFF0029C3DC /* MenuCell.swift in Sources */,
				4D7422891C58A7A300453818 /* SellerViewController.swift in Sources */,
			);
			runOnlyForDeploymentPostprocessing = 0;
		};
		4DF9CB571C57FA2500922A63 /* Sources */ = {
			isa = PBXSourcesBuildPhase;
			buildActionMask = 2147483647;
			files = (
				4DF9CB601C57FA2500922A63 /* Real_FoodTests.swift in Sources */,
			);
			runOnlyForDeploymentPostprocessing = 0;
		};
		4DF9CB621C57FA2500922A63 /* Sources */ = {
			isa = PBXSourcesBuildPhase;
			buildActionMask = 2147483647;
			files = (
				4DF9CB6B1C57FA2500922A63 /* Real_FoodUITests.swift in Sources */,
			);
			runOnlyForDeploymentPostprocessing = 0;
		};
/* End PBXSourcesBuildPhase section */

/* Begin PBXTargetDependency section */
		4DF9CB5D1C57FA2500922A63 /* PBXTargetDependency */ = {
			isa = PBXTargetDependency;
			target = 4DF9CB461C57FA2400922A63 /* Real Food */;
			targetProxy = 4DF9CB5C1C57FA2500922A63 /* PBXContainerItemProxy */;
		};
		4DF9CB681C57FA2500922A63 /* PBXTargetDependency */ = {
			isa = PBXTargetDependency;
			target = 4DF9CB461C57FA2400922A63 /* Real Food */;
			targetProxy = 4DF9CB671C57FA2500922A63 /* PBXContainerItemProxy */;
		};
/* End PBXTargetDependency section */

/* Begin PBXVariantGroup section */
		4DF9CB4E1C57FA2400922A63 /* Main.storyboard */ = {
			isa = PBXVariantGroup;
			children = (
				4DF9CB4F1C57FA2400922A63 /* Base */,
			);
			name = Main.storyboard;
			sourceTree = "<group>";
		};
		4DF9CB531C57FA2400922A63 /* LaunchScreen.storyboard */ = {
			isa = PBXVariantGroup;
			children = (
				4DF9CB541C57FA2400922A63 /* Base */,
			);
			name = LaunchScreen.storyboard;
			sourceTree = "<group>";
		};
/* End PBXVariantGroup section */

/* Begin XCBuildConfiguration section */
		4DF9CB6D1C57FA2500922A63 /* Debug */ = {
			isa = XCBuildConfiguration;
			buildSettings = {
				ALWAYS_SEARCH_USER_PATHS = NO;
				CLANG_CXX_LANGUAGE_STANDARD = "gnu++0x";
				CLANG_CXX_LIBRARY = "libc++";
				CLANG_ENABLE_MODULES = YES;
				CLANG_ENABLE_OBJC_ARC = YES;
				CLANG_WARN_BOOL_CONVERSION = YES;
				CLANG_WARN_CONSTANT_CONVERSION = YES;
				CLANG_WARN_DIRECT_OBJC_ISA_USAGE = YES_ERROR;
				CLANG_WARN_EMPTY_BODY = YES;
				CLANG_WARN_ENUM_CONVERSION = YES;
				CLANG_WARN_INT_CONVERSION = YES;
				CLANG_WARN_OBJC_ROOT_CLASS = YES_ERROR;
				CLANG_WARN_UNREACHABLE_CODE = YES;
				CLANG_WARN__DUPLICATE_METHOD_MATCH = YES;
				"CODE_SIGN_IDENTITY[sdk=iphoneos*]" = "iPhone Developer";
				COPY_PHASE_STRIP = NO;
				DEBUG_INFORMATION_FORMAT = dwarf;
				ENABLE_STRICT_OBJC_MSGSEND = YES;
				ENABLE_TESTABILITY = YES;
				GCC_C_LANGUAGE_STANDARD = gnu99;
				GCC_DYNAMIC_NO_PIC = NO;
				GCC_NO_COMMON_BLOCKS = YES;
				GCC_OPTIMIZATION_LEVEL = 0;
				GCC_PREPROCESSOR_DEFINITIONS = (
					"DEBUG=1",
					"$(inherited)",
				);
				GCC_WARN_64_TO_32_BIT_CONVERSION = YES;
				GCC_WARN_ABOUT_RETURN_TYPE = YES_ERROR;
				GCC_WARN_UNDECLARED_SELECTOR = YES;
				GCC_WARN_UNINITIALIZED_AUTOS = YES_AGGRESSIVE;
				GCC_WARN_UNUSED_FUNCTION = YES;
				GCC_WARN_UNUSED_VARIABLE = YES;
				IPHONEOS_DEPLOYMENT_TARGET = 9.2;
				MTL_ENABLE_DEBUG_INFO = YES;
				ONLY_ACTIVE_ARCH = YES;
				SDKROOT = iphoneos;
				SWIFT_OPTIMIZATION_LEVEL = "-Onone";
			};
			name = Debug;
		};
		4DF9CB6E1C57FA2500922A63 /* Release */ = {
			isa = XCBuildConfiguration;
			buildSettings = {
				ALWAYS_SEARCH_USER_PATHS = NO;
				CLANG_CXX_LANGUAGE_STANDARD = "gnu++0x";
				CLANG_CXX_LIBRARY = "libc++";
				CLANG_ENABLE_MODULES = YES;
				CLANG_ENABLE_OBJC_ARC = YES;
				CLANG_WARN_BOOL_CONVERSION = YES;
				CLANG_WARN_CONSTANT_CONVERSION = YES;
				CLANG_WARN_DIRECT_OBJC_ISA_USAGE = YES_ERROR;
				CLANG_WARN_EMPTY_BODY = YES;
				CLANG_WARN_ENUM_CONVERSION = YES;
				CLANG_WARN_INT_CONVERSION = YES;
				CLANG_WARN_OBJC_ROOT_CLASS = YES_ERROR;
				CLANG_WARN_UNREACHABLE_CODE = YES;
				CLANG_WARN__DUPLICATE_METHOD_MATCH = YES;
				"CODE_SIGN_IDENTITY[sdk=iphoneos*]" = "iPhone Developer";
				COPY_PHASE_STRIP = NO;
				DEBUG_INFORMATION_FORMAT = "dwarf-with-dsym";
				ENABLE_NS_ASSERTIONS = NO;
				ENABLE_STRICT_OBJC_MSGSEND = YES;
				GCC_C_LANGUAGE_STANDARD = gnu99;
				GCC_NO_COMMON_BLOCKS = YES;
				GCC_WARN_64_TO_32_BIT_CONVERSION = YES;
				GCC_WARN_ABOUT_RETURN_TYPE = YES_ERROR;
				GCC_WARN_UNDECLARED_SELECTOR = YES;
				GCC_WARN_UNINITIALIZED_AUTOS = YES_AGGRESSIVE;
				GCC_WARN_UNUSED_FUNCTION = YES;
				GCC_WARN_UNUSED_VARIABLE = YES;
				IPHONEOS_DEPLOYMENT_TARGET = 9.2;
				MTL_ENABLE_DEBUG_INFO = NO;
				SDKROOT = iphoneos;
				VALIDATE_PRODUCT = YES;
			};
			name = Release;
		};
		4DF9CB701C57FA2500922A63 /* Debug */ = {
			isa = XCBuildConfiguration;
			baseConfigurationReference = F416C027112B7AD4320FD1D0 /* Pods.debug.xcconfig */;
			buildSettings = {
				ASSETCATALOG_COMPILER_APPICON_NAME = AppIcon;
				INFOPLIST_FILE = "Real Food/Info.plist";
				LD_RUNPATH_SEARCH_PATHS = "$(inherited) @executable_path/Frameworks";
				PRODUCT_BUNDLE_IDENTIFIER = "com.NerdHouse.Real-Food";
				PRODUCT_NAME = "$(TARGET_NAME)";
			};
			name = Debug;
		};
		4DF9CB711C57FA2500922A63 /* Release */ = {
			isa = XCBuildConfiguration;
			baseConfigurationReference = B9D3CAFB8B9B0738495A3C37 /* Pods.release.xcconfig */;
			buildSettings = {
				ASSETCATALOG_COMPILER_APPICON_NAME = AppIcon;
				INFOPLIST_FILE = "Real Food/Info.plist";
				LD_RUNPATH_SEARCH_PATHS = "$(inherited) @executable_path/Frameworks";
				PRODUCT_BUNDLE_IDENTIFIER = "com.NerdHouse.Real-Food";
				PRODUCT_NAME = "$(TARGET_NAME)";
			};
			name = Release;
		};
		4DF9CB731C57FA2500922A63 /* Debug */ = {
			isa = XCBuildConfiguration;
			buildSettings = {
				BUNDLE_LOADER = "$(TEST_HOST)";
				INFOPLIST_FILE = "Real FoodTests/Info.plist";
				LD_RUNPATH_SEARCH_PATHS = "$(inherited) @executable_path/Frameworks @loader_path/Frameworks";
				PRODUCT_BUNDLE_IDENTIFIER = "com.NerdHouse.Real-FoodTests";
				PRODUCT_NAME = "$(TARGET_NAME)";
				TEST_HOST = "$(BUILT_PRODUCTS_DIR)/Real Food.app/Real Food";
			};
			name = Debug;
		};
		4DF9CB741C57FA2500922A63 /* Release */ = {
			isa = XCBuildConfiguration;
			buildSettings = {
				BUNDLE_LOADER = "$(TEST_HOST)";
				INFOPLIST_FILE = "Real FoodTests/Info.plist";
				LD_RUNPATH_SEARCH_PATHS = "$(inherited) @executable_path/Frameworks @loader_path/Frameworks";
				PRODUCT_BUNDLE_IDENTIFIER = "com.NerdHouse.Real-FoodTests";
				PRODUCT_NAME = "$(TARGET_NAME)";
				TEST_HOST = "$(BUILT_PRODUCTS_DIR)/Real Food.app/Real Food";
			};
			name = Release;
		};
		4DF9CB761C57FA2500922A63 /* Debug */ = {
			isa = XCBuildConfiguration;
			buildSettings = {
				INFOPLIST_FILE = "Real FoodUITests/Info.plist";
				LD_RUNPATH_SEARCH_PATHS = "$(inherited) @executable_path/Frameworks @loader_path/Frameworks";
				PRODUCT_BUNDLE_IDENTIFIER = "com.NerdHouse.Real-FoodUITests";
				PRODUCT_NAME = "$(TARGET_NAME)";
				TEST_TARGET_NAME = "Real Food";
				USES_XCTRUNNER = YES;
			};
			name = Debug;
		};
		4DF9CB771C57FA2500922A63 /* Release */ = {
			isa = XCBuildConfiguration;
			buildSettings = {
				INFOPLIST_FILE = "Real FoodUITests/Info.plist";
				LD_RUNPATH_SEARCH_PATHS = "$(inherited) @executable_path/Frameworks @loader_path/Frameworks";
				PRODUCT_BUNDLE_IDENTIFIER = "com.NerdHouse.Real-FoodUITests";
				PRODUCT_NAME = "$(TARGET_NAME)";
				TEST_TARGET_NAME = "Real Food";
				USES_XCTRUNNER = YES;
			};
			name = Release;
		};
/* End XCBuildConfiguration section */

/* Begin XCConfigurationList section */
		4DF9CB421C57FA2400922A63 /* Build configuration list for PBXProject "Real Food" */ = {
			isa = XCConfigurationList;
			buildConfigurations = (
				4DF9CB6D1C57FA2500922A63 /* Debug */,
				4DF9CB6E1C57FA2500922A63 /* Release */,
			);
			defaultConfigurationIsVisible = 0;
			defaultConfigurationName = Release;
		};
		4DF9CB6F1C57FA2500922A63 /* Build configuration list for PBXNativeTarget "Real Food" */ = {
			isa = XCConfigurationList;
			buildConfigurations = (
				4DF9CB701C57FA2500922A63 /* Debug */,
				4DF9CB711C57FA2500922A63 /* Release */,
			);
			defaultConfigurationIsVisible = 0;
			defaultConfigurationName = Release;
		};
		4DF9CB721C57FA2500922A63 /* Build configuration list for PBXNativeTarget "Real FoodTests" */ = {
			isa = XCConfigurationList;
			buildConfigurations = (
				4DF9CB731C57FA2500922A63 /* Debug */,
				4DF9CB741C57FA2500922A63 /* Release */,
			);
			defaultConfigurationIsVisible = 0;
			defaultConfigurationName = Release;
		};
		4DF9CB751C57FA2500922A63 /* Build configuration list for PBXNativeTarget "Real FoodUITests" */ = {
			isa = XCConfigurationList;
			buildConfigurations = (
				4DF9CB761C57FA2500922A63 /* Debug */,
				4DF9CB771C57FA2500922A63 /* Release */,
			);
			defaultConfigurationIsVisible = 0;
			defaultConfigurationName = Release;
		};
/* End XCConfigurationList section */
	};
	rootObject = 4DF9CB3F1C57FA2400922A63 /* Project object */;
}
